// !$*UTF8*$!
{
	archiveVersion = 1;
	classes = {
	};
	objectVersion = 46;
	objects = {

/* Begin PBXBuildFile section */
		3CE15FC7ED91B4EBC8F91857 /* Pods_BotfolioChatExampleSwift.framework in Frameworks */ = {isa = PBXBuildFile; fileRef = B4EAE3EF95CF781B558DD37B /* Pods_BotfolioChatExampleSwift.framework */; };
		5904425B1E02B24D001B9348 /* AppDelegate.swift in Sources */ = {isa = PBXBuildFile; fileRef = 5904425A1E02B24D001B9348 /* AppDelegate.swift */; };
		5904425D1E02B24D001B9348 /* ViewController.swift in Sources */ = {isa = PBXBuildFile; fileRef = 5904425C1E02B24D001B9348 /* ViewController.swift */; };
		590442601E02B24D001B9348 /* Main.storyboard in Resources */ = {isa = PBXBuildFile; fileRef = 5904425E1E02B24D001B9348 /* Main.storyboard */; };
		590442621E02B24D001B9348 /* Assets.xcassets in Resources */ = {isa = PBXBuildFile; fileRef = 590442611E02B24D001B9348 /* Assets.xcassets */; };
		590442651E02B24D001B9348 /* LaunchScreen.storyboard in Resources */ = {isa = PBXBuildFile; fileRef = 590442631E02B24D001B9348 /* LaunchScreen.storyboard */; };
		5934B41D1E02B75600954A9C /* botfolio@2x.png in Resources */ = {isa = PBXBuildFile; fileRef = 5934B4191E02B75600954A9C /* botfolio@2x.png */; };
		5934B41E1E02B75600954A9C /* Lato-Bold.ttf in Resources */ = {isa = PBXBuildFile; fileRef = 5934B41A1E02B75600954A9C /* Lato-Bold.ttf */; };
		5934B41F1E02B75600954A9C /* Lato-Regular.ttf in Resources */ = {isa = PBXBuildFile; fileRef = 5934B41B1E02B75600954A9C /* Lato-Regular.ttf */; };
		5934B4201E02B75600954A9C /* Lato-Semibold.ttf in Resources */ = {isa = PBXBuildFile; fileRef = 5934B41C1E02B75600954A9C /* Lato-Semibold.ttf */; };
		5934B4231E02B86600954A9C /* Localizable.strings in Resources */ = {isa = PBXBuildFile; fileRef = 5934B4251E02B86600954A9C /* Localizable.strings */; };
/* End PBXBuildFile section */

/* Begin PBXFileReference section */
		590442571E02B24D001B9348 /* BotfolioChatExampleSwift.app */ = {isa = PBXFileReference; explicitFileType = wrapper.application; includeInIndex = 0; path = BotfolioChatExampleSwift.app; sourceTree = BUILT_PRODUCTS_DIR; };
		5904425A1E02B24D001B9348 /* AppDelegate.swift */ = {isa = PBXFileReference; lastKnownFileType = sourcecode.swift; path = AppDelegate.swift; sourceTree = "<group>"; };
		5904425C1E02B24D001B9348 /* ViewController.swift */ = {isa = PBXFileReference; lastKnownFileType = sourcecode.swift; path = ViewController.swift; sourceTree = "<group>"; };
		5904425F1E02B24D001B9348 /* Base */ = {isa = PBXFileReference; lastKnownFileType = file.storyboard; name = Base; path = Base.lproj/Main.storyboard; sourceTree = "<group>"; };
		590442611E02B24D001B9348 /* Assets.xcassets */ = {isa = PBXFileReference; lastKnownFileType = folder.assetcatalog; path = Assets.xcassets; sourceTree = "<group>"; };
		590442641E02B24D001B9348 /* Base */ = {isa = PBXFileReference; lastKnownFileType = file.storyboard; name = Base; path = Base.lproj/LaunchScreen.storyboard; sourceTree = "<group>"; };
		590442661E02B24D001B9348 /* Info.plist */ = {isa = PBXFileReference; lastKnownFileType = text.plist.xml; path = Info.plist; sourceTree = "<group>"; };
		5934B4191E02B75600954A9C /* botfolio@2x.png */ = {isa = PBXFileReference; lastKnownFileType = image.png; path = "botfolio@2x.png"; sourceTree = "<group>"; };
		5934B41A1E02B75600954A9C /* Lato-Bold.ttf */ = {isa = PBXFileReference; lastKnownFileType = file; path = "Lato-Bold.ttf"; sourceTree = "<group>"; };
		5934B41B1E02B75600954A9C /* Lato-Regular.ttf */ = {isa = PBXFileReference; lastKnownFileType = file; path = "Lato-Regular.ttf"; sourceTree = "<group>"; };
		5934B41C1E02B75600954A9C /* Lato-Semibold.ttf */ = {isa = PBXFileReference; lastKnownFileType = file; path = "Lato-Semibold.ttf"; sourceTree = "<group>"; };
		5934B4241E02B86600954A9C /* en */ = {isa = PBXFileReference; lastKnownFileType = text.plist.strings; name = en; path = en.lproj/Localizable.strings; sourceTree = "<group>"; };
		76F0DCB9D5D75F444767464D /* Pods-BotfolioChatExampleSwift.release.xcconfig */ = {isa = PBXFileReference; includeInIndex = 1; lastKnownFileType = text.xcconfig; name = "Pods-BotfolioChatExampleSwift.release.xcconfig"; path = "Pods/Target Support Files/Pods-BotfolioChatExampleSwift/Pods-BotfolioChatExampleSwift.release.xcconfig"; sourceTree = "<group>"; };
		8CC31B56DB3F3BFADEEBE986 /* Pods-BotfolioChatExampleSwift.debug.xcconfig */ = {isa = PBXFileReference; includeInIndex = 1; lastKnownFileType = text.xcconfig; name = "Pods-BotfolioChatExampleSwift.debug.xcconfig"; path = "Pods/Target Support Files/Pods-BotfolioChatExampleSwift/Pods-BotfolioChatExampleSwift.debug.xcconfig"; sourceTree = "<group>"; };
		B4EAE3EF95CF781B558DD37B /* Pods_BotfolioChatExampleSwift.framework */ = {isa = PBXFileReference; explicitFileType = wrapper.framework; includeInIndex = 0; path = Pods_BotfolioChatExampleSwift.framework; sourceTree = BUILT_PRODUCTS_DIR; };
/* End PBXFileReference section */

/* Begin PBXFrameworksBuildPhase section */
		590442541E02B24D001B9348 /* Frameworks */ = {
			isa = PBXFrameworksBuildPhase;
			buildActionMask = 2147483647;
			files = (
				3CE15FC7ED91B4EBC8F91857 /* Pods_BotfolioChatExampleSwift.framework in Frameworks */,
			);
			runOnlyForDeploymentPostprocessing = 0;
		};
/* End PBXFrameworksBuildPhase section */

/* Begin PBXGroup section */
		5904424E1E02B24D001B9348 = {
			isa = PBXGroup;
			children = (
				590442591E02B24D001B9348 /* BotfolioChatExampleSwift */,
				590442581E02B24D001B9348 /* Products */,
				67CA5B0DEE13A8587557BAEA /* Pods */,
				6FC4E17864CC1F16CD685684 /* Frameworks */,
			);
			sourceTree = "<group>";
		};
		590442581E02B24D001B9348 /* Products */ = {
			isa = PBXGroup;
			children = (
				590442571E02B24D001B9348 /* BotfolioChatExampleSwift.app */,
			);
			name = Products;
			sourceTree = "<group>";
		};
		590442591E02B24D001B9348 /* BotfolioChatExampleSwift */ = {
			isa = PBXGroup;
			children = (
				5934B4191E02B75600954A9C /* botfolio@2x.png */,
				5934B41A1E02B75600954A9C /* Lato-Bold.ttf */,
				5934B41B1E02B75600954A9C /* Lato-Regular.ttf */,
				5934B41C1E02B75600954A9C /* Lato-Semibold.ttf */,
				5904425A1E02B24D001B9348 /* AppDelegate.swift */,
				5904425C1E02B24D001B9348 /* ViewController.swift */,
				5904425E1E02B24D001B9348 /* Main.storyboard */,
				590442611E02B24D001B9348 /* Assets.xcassets */,
				590442631E02B24D001B9348 /* LaunchScreen.storyboard */,
				590442661E02B24D001B9348 /* Info.plist */,
				5934B4251E02B86600954A9C /* Localizable.strings */,
			);
			path = BotfolioChatExampleSwift;
			sourceTree = "<group>";
		};
		67CA5B0DEE13A8587557BAEA /* Pods */ = {
			isa = PBXGroup;
			children = (
				8CC31B56DB3F3BFADEEBE986 /* Pods-BotfolioChatExampleSwift.debug.xcconfig */,
				76F0DCB9D5D75F444767464D /* Pods-BotfolioChatExampleSwift.release.xcconfig */,
			);
			name = Pods;
			sourceTree = "<group>";
		};
		6FC4E17864CC1F16CD685684 /* Frameworks */ = {
			isa = PBXGroup;
			children = (
				B4EAE3EF95CF781B558DD37B /* Pods_BotfolioChatExampleSwift.framework */,
			);
			name = Frameworks;
			sourceTree = "<group>";
		};
/* End PBXGroup section */

/* Begin PBXNativeTarget section */
		590442561E02B24D001B9348 /* BotfolioChatExampleSwift */ = {
			isa = PBXNativeTarget;
			buildConfigurationList = 590442691E02B24D001B9348 /* Build configuration list for PBXNativeTarget "BotfolioChatExampleSwift" */;
			buildPhases = (
				B9E49753FDA5F680379715D9 /* [CP] Check Pods Manifest.lock */,
				590442531E02B24D001B9348 /* Sources */,
				590442541E02B24D001B9348 /* Frameworks */,
				590442551E02B24D001B9348 /* Resources */,
				3727D2BD15BC777B42CC661F /* [CP] Embed Pods Frameworks */,
				C0D7F8B093F3824750EBBDB0 /* [CP] Copy Pods Resources */,
			);
			buildRules = (
			);
			dependencies = (
			);
			name = BotfolioChatExampleSwift;
			productName = BotfolioChatExampleSwift;
			productReference = 590442571E02B24D001B9348 /* BotfolioChatExampleSwift.app */;
			productType = "com.apple.product-type.application";
		};
/* End PBXNativeTarget section */

/* Begin PBXProject section */
		5904424F1E02B24D001B9348 /* Project object */ = {
			isa = PBXProject;
			attributes = {
				LastSwiftUpdateCheck = 0810;
				LastUpgradeCheck = 0810;
				ORGANIZATIONNAME = "Lena Software";
				TargetAttributes = {
					590442561E02B24D001B9348 = {
						CreatedOnToolsVersion = 8.1;
						DevelopmentTeam = QYJ5HK8W3S;
						ProvisioningStyle = Automatic;
					};
				};
			};
			buildConfigurationList = 590442521E02B24D001B9348 /* Build configuration list for PBXProject "BotfolioChatExampleSwift" */;
			compatibilityVersion = "Xcode 3.2";
			developmentRegion = English;
			hasScannedForEncodings = 0;
			knownRegions = (
				en,
				Base,
			);
			mainGroup = 5904424E1E02B24D001B9348;
			productRefGroup = 590442581E02B24D001B9348 /* Products */;
			projectDirPath = "";
			projectRoot = "";
			targets = (
				590442561E02B24D001B9348 /* BotfolioChatExampleSwift */,
			);
		};
/* End PBXProject section */

/* Begin PBXResourcesBuildPhase section */
		590442551E02B24D001B9348 /* Resources */ = {
			isa = PBXResourcesBuildPhase;
			buildActionMask = 2147483647;
			files = (
				5934B4201E02B75600954A9C /* Lato-Semibold.ttf in Resources */,
				590442651E02B24D001B9348 /* LaunchScreen.storyboard in Resources */,
				5934B41F1E02B75600954A9C /* Lato-Regular.ttf in Resources */,
				5934B41E1E02B75600954A9C /* Lato-Bold.ttf in Resources */,
				590442621E02B24D001B9348 /* Assets.xcassets in Resources */,
				5934B4231E02B86600954A9C /* Localizable.strings in Resources */,
				5934B41D1E02B75600954A9C /* botfolio@2x.png in Resources */,
				590442601E02B24D001B9348 /* Main.storyboard in Resources */,
			);
			runOnlyForDeploymentPostprocessing = 0;
		};
/* End PBXResourcesBuildPhase section */

/* Begin PBXShellScriptBuildPhase section */
		3727D2BD15BC777B42CC661F /* [CP] Embed Pods Frameworks */ = {
			isa = PBXShellScriptBuildPhase;
			buildActionMask = 2147483647;
			files = (
			);
			inputPaths = (
			);
			name = "[CP] Embed Pods Frameworks";
			outputPaths = (
			);
			runOnlyForDeploymentPostprocessing = 0;
			shellPath = /bin/sh;
			shellScript = "\"${SRCROOT}/Pods/Target Support Files/Pods-BotfolioChatExampleSwift/Pods-BotfolioChatExampleSwift-frameworks.sh\"\n";
			showEnvVarsInLog = 0;
		};
		B9E49753FDA5F680379715D9 /* [CP] Check Pods Manifest.lock */ = {
			isa = PBXShellScriptBuildPhase;
			buildActionMask = 2147483647;
			files = (
			);
			inputPaths = (
			);
			name = "[CP] Check Pods Manifest.lock";
			outputPaths = (
			);
			runOnlyForDeploymentPostprocessing = 0;
			shellPath = /bin/sh;
			shellScript = "diff \"${PODS_ROOT}/../Podfile.lock\" \"${PODS_ROOT}/Manifest.lock\" > /dev/null\nif [[ $? != 0 ]] ; then\n    cat << EOM\nerror: The sandbox is not in sync with the Podfile.lock. Run 'pod install' or update your CocoaPods installation.\nEOM\n    exit 1\nfi\n";
			showEnvVarsInLog = 0;
		};
		C0D7F8B093F3824750EBBDB0 /* [CP] Copy Pods Resources */ = {
			isa = PBXShellScriptBuildPhase;
			buildActionMask = 2147483647;
			files = (
			);
			inputPaths = (
			);
			name = "[CP] Copy Pods Resources";
			outputPaths = (
			);
			runOnlyForDeploymentPostprocessing = 0;
			shellPath = /bin/sh;
			shellScript = "\"${SRCROOT}/Pods/Target Support Files/Pods-BotfolioChatExampleSwift/Pods-BotfolioChatExampleSwift-resources.sh\"\n";
			showEnvVarsInLog = 0;
		};
/* End PBXShellScriptBuildPhase section */

/* Begin PBXSourcesBuildPhase section */
		590442531E02B24D001B9348 /* Sources */ = {
			isa = PBXSourcesBuildPhase;
			buildActionMask = 2147483647;
			files = (
				5904425D1E02B24D001B9348 /* ViewController.swift in Sources */,
				5904425B1E02B24D001B9348 /* AppDelegate.swift in Sources */,
			);
			runOnlyForDeploymentPostprocessing = 0;
		};
/* End PBXSourcesBuildPhase section */

/* Begin PBXVariantGroup section */
		5904425E1E02B24D001B9348 /* Main.storyboard */ = {
			isa = PBXVariantGroup;
			children = (
				5904425F1E02B24D001B9348 /* Base */,
			);
			name = Main.storyboard;
			sourceTree = "<group>";
		};
		590442631E02B24D001B9348 /* LaunchScreen.storyboard */ = {
			isa = PBXVariantGroup;
			children = (
				590442641E02B24D001B9348 /* Base */,
			);
			name = LaunchScreen.storyboard;
			sourceTree = "<group>";
		};
		5934B4251E02B86600954A9C /* Localizable.strings */ = {
			isa = PBXVariantGroup;
			children = (
				5934B4241E02B86600954A9C /* en */,
			);
			name = Localizable.strings;
			sourceTree = "<group>";
		};
/* End PBXVariantGroup section */

/* Begin XCBuildConfiguration section */
		590442671E02B24D001B9348 /* Debug */ = {
			isa = XCBuildConfiguration;
			buildSettings = {
				ALWAYS_SEARCH_USER_PATHS = NO;
				CLANG_ANALYZER_NONNULL = YES;
				CLANG_CXX_LANGUAGE_STANDARD = "gnu++0x";
				CLANG_CXX_LIBRARY = "libc++";
				CLANG_ENABLE_MODULES = YES;
				CLANG_ENABLE_OBJC_ARC = YES;
				CLANG_WARN_BOOL_CONVERSION = YES;
				CLANG_WARN_CONSTANT_CONVERSION = YES;
				CLANG_WARN_DIRECT_OBJC_ISA_USAGE = YES_ERROR;
				CLANG_WARN_DOCUMENTATION_COMMENTS = YES;
				CLANG_WARN_EMPTY_BODY = YES;
				CLANG_WARN_ENUM_CONVERSION = YES;
				CLANG_WARN_INFINITE_RECURSION = YES;
				CLANG_WARN_INT_CONVERSION = YES;
				CLANG_WARN_OBJC_ROOT_CLASS = YES_ERROR;
				CLANG_WARN_SUSPICIOUS_MOVES = YES;
				CLANG_WARN_UNREACHABLE_CODE = YES;
				CLANG_WARN__DUPLICATE_METHOD_MATCH = YES;
				"CODE_SIGN_IDENTITY[sdk=iphoneos*]" = "iPhone Developer";
				COPY_PHASE_STRIP = NO;
				DEBUG_INFORMATION_FORMAT = dwarf;
				ENABLE_STRICT_OBJC_MSGSEND = YES;
				ENABLE_TESTABILITY = YES;
				GCC_C_LANGUAGE_STANDARD = gnu99;
				GCC_DYNAMIC_NO_PIC = NO;
				GCC_NO_COMMON_BLOCKS = YES;
				GCC_OPTIMIZATION_LEVEL = 0;
				GCC_PREPROCESSOR_DEFINITIONS = (
					"DEBUG=1",
					"$(inherited)",
				);
				GCC_WARN_64_TO_32_BIT_CONVERSION = YES;
				GCC_WARN_ABOUT_RETURN_TYPE = YES_ERROR;
				GCC_WARN_UNDECLARED_SELECTOR = YES;
				GCC_WARN_UNINITIALIZED_AUTOS = YES_AGGRESSIVE;
				GCC_WARN_UNUSED_FUNCTION = YES;
				GCC_WARN_UNUSED_VARIABLE = YES;
				IPHONEOS_DEPLOYMENT_TARGET = 10.1;
				MTL_ENABLE_DEBUG_INFO = YES;
				ONLY_ACTIVE_ARCH = YES;
				SDKROOT = iphoneos;
				SWIFT_ACTIVE_COMPILATION_CONDITIONS = DEBUG;
				SWIFT_OPTIMIZATION_LEVEL = "-Onone";
			};
			name = Debug;
		};
		590442681E02B24D001B9348 /* Release */ = {
			isa = XCBuildConfiguration;
			buildSettings = {
				ALWAYS_SEARCH_USER_PATHS = NO;
				CLANG_ANALYZER_NONNULL = YES;
				CLANG_CXX_LANGUAGE_STANDARD = "gnu++0x";
				CLANG_CXX_LIBRARY = "libc++";
				CLANG_ENABLE_MODULES = YES;
				CLANG_ENABLE_OBJC_ARC = YES;
				CLANG_WARN_BOOL_CONVERSION = YES;
				CLANG_WARN_CONSTANT_CONVERSION = YES;
				CLANG_WARN_DIRECT_OBJC_ISA_USAGE = YES_ERROR;
				CLANG_WARN_DOCUMENTATION_COMMENTS = YES;
				CLANG_WARN_EMPTY_BODY = YES;
				CLANG_WARN_ENUM_CONVERSION = YES;
				CLANG_WARN_INFINITE_RECURSION = YES;
				CLANG_WARN_INT_CONVERSION = YES;
				CLANG_WARN_OBJC_ROOT_CLASS = YES_ERROR;
				CLANG_WARN_SUSPICIOUS_MOVES = YES;
				CLANG_WARN_UNREACHABLE_CODE = YES;
				CLANG_WARN__DUPLICATE_METHOD_MATCH = YES;
				"CODE_SIGN_IDENTITY[sdk=iphoneos*]" = "iPhone Developer";
				COPY_PHASE_STRIP = NO;
				DEBUG_INFORMATION_FORMAT = "dwarf-with-dsym";
				ENABLE_NS_ASSERTIONS = NO;
				ENABLE_STRICT_OBJC_MSGSEND = YES;
				GCC_C_LANGUAGE_STANDARD = gnu99;
				GCC_NO_COMMON_BLOCKS = YES;
				GCC_WARN_64_TO_32_BIT_CONVERSION = YES;
				GCC_WARN_ABOUT_RETURN_TYPE = YES_ERROR;
				GCC_WARN_UNDECLARED_SELECTOR = YES;
				GCC_WARN_UNINITIALIZED_AUTOS = YES_AGGRESSIVE;
				GCC_WARN_UNUSED_FUNCTION = YES;
				GCC_WARN_UNUSED_VARIABLE = YES;
				IPHONEOS_DEPLOYMENT_TARGET = 10.1;
				MTL_ENABLE_DEBUG_INFO = NO;
				SDKROOT = iphoneos;
				SWIFT_OPTIMIZATION_LEVEL = "-Owholemodule";
				VALIDATE_PRODUCT = YES;
			};
			name = Release;
		};
		5904426A1E02B24D001B9348 /* Debug */ = {
			isa = XCBuildConfiguration;
			baseConfigurationReference = 8CC31B56DB3F3BFADEEBE986 /* Pods-BotfolioChatExampleSwift.debug.xcconfig */;
			buildSettings = {
				ASSETCATALOG_COMPILER_APPICON_NAME = AppIcon;
				DEVELOPMENT_TEAM = QYJ5HK8W3S;
				INFOPLIST_FILE = BotfolioChatExampleSwift/Info.plist;
				IPHONEOS_DEPLOYMENT_TARGET = 9.0;
				LD_RUNPATH_SEARCH_PATHS = "$(inherited) @executable_path/Frameworks";
				PRODUCT_BUNDLE_IDENTIFIER = com.lena.BotfolioChatExampleSwift;
				PRODUCT_NAME = "$(TARGET_NAME)";
				SWIFT_VERSION = 3.0;
			};
			name = Debug;
		};
		5904426B1E02B24D001B9348 /* Release */ = {
			isa = XCBuildConfiguration;
			baseConfigurationReference = 76F0DCB9D5D75F444767464D /* Pods-BotfolioChatExampleSwift.release.xcconfig */;
			buildSettings = {
				ASSETCATALOG_COMPILER_APPICON_NAME = AppIcon;
				DEVELOPMENT_TEAM = QYJ5HK8W3S;
				INFOPLIST_FILE = BotfolioChatExampleSwift/Info.plist;
				IPHONEOS_DEPLOYMENT_TARGET = 9.0;
				LD_RUNPATH_SEARCH_PATHS = "$(inherited) @executable_path/Frameworks";
				PRODUCT_BUNDLE_IDENTIFIER = com.lena.BotfolioChatExampleSwift;
				PRODUCT_NAME = "$(TARGET_NAME)";
				SWIFT_VERSION = 3.0;
			};
			name = Release;
		};
/* End XCBuildConfiguration section */

/* Begin XCConfigurationList section */
		590442521E02B24D001B9348 /* Build configuration list for PBXProject "BotfolioChatExampleSwift" */ = {
			isa = XCConfigurationList;
			buildConfigurations = (
				590442671E02B24D001B9348 /* Debug */,
				590442681E02B24D001B9348 /* Release */,
			);
			defaultConfigurationIsVisible = 0;
			defaultConfigurationName = Release;
		};
		590442691E02B24D001B9348 /* Build configuration list for PBXNativeTarget "BotfolioChatExampleSwift" */ = {
			isa = XCConfigurationList;
			buildConfigurations = (
				5904426A1E02B24D001B9348 /* Debug */,
				5904426B1E02B24D001B9348 /* Release */,
			);
			defaultConfigurationIsVisible = 0;
			defaultConfigurationName = Release;
		};
/* End XCConfigurationList section */
	};
	rootObject = 5904424F1E02B24D001B9348 /* Project object */;
}
