// !$*UTF8*$!
{
	archiveVersion = 1;
	classes = {
	};
	objectVersion = 46;
	objects = {

/* Begin PBXBuildFile section */
		5972ACF71E002EAD0043897B /* main.m in Sources */ = {isa = PBXBuildFile; fileRef = 5972ACF61E002EAD0043897B /* main.m */; };
		5972ACFA1E002EAD0043897B /* AppDelegate.m in Sources */ = {isa = PBXBuildFile; fileRef = 5972ACF91E002EAD0043897B /* AppDelegate.m */; };
		5972ACFD1E002EAD0043897B /* ViewController.m in Sources */ = {isa = PBXBuildFile; fileRef = 5972ACFC1E002EAD0043897B /* ViewController.m */; };
		5972AD001E002EAD0043897B /* Main.storyboard in Resources */ = {isa = PBXBuildFile; fileRef = 5972ACFE1E002EAD0043897B /* Main.storyboard */; };
		5972AD021E002EAD0043897B /* Assets.xcassets in Resources */ = {isa = PBXBuildFile; fileRef = 5972AD011E002EAD0043897B /* Assets.xcassets */; };
		5972AD051E002EAD0043897B /* LaunchScreen.storyboard in Resources */ = {isa = PBXBuildFile; fileRef = 5972AD031E002EAD0043897B /* LaunchScreen.storyboard */; };
		5972AD151E003C580043897B /* botfolio@2x.png in Resources */ = {isa = PBXBuildFile; fileRef = 5972AD141E003C580043897B /* botfolio@2x.png */; };
		5972AD191E003CD10043897B /* Lato-Bold.ttf in Resources */ = {isa = PBXBuildFile; fileRef = 5972AD161E003CD10043897B /* Lato-Bold.ttf */; };
		5972AD1A1E003CD10043897B /* Lato-Regular.ttf in Resources */ = {isa = PBXBuildFile; fileRef = 5972AD171E003CD10043897B /* Lato-Regular.ttf */; };
		5972AD1B1E003CD10043897B /* Lato-Semibold.ttf in Resources */ = {isa = PBXBuildFile; fileRef = 5972AD181E003CD10043897B /* Lato-Semibold.ttf */; };
		5972AD1E1E00427B0043897B /* Localizable.strings in Resources */ = {isa = PBXBuildFile; fileRef = 5972AD201E00427B0043897B /* Localizable.strings */; };
		66ECFB7AEFDBA3D922AB9798 /* Pods_BotfolioChatExampleObjC.framework in Frameworks */ = {isa = PBXBuildFile; fileRef = B86E0D6213337E44D46892E6 /* Pods_BotfolioChatExampleObjC.framework */; };
/* End PBXBuildFile section */

/* Begin PBXFileReference section */
		5972ACF21E002EAD0043897B /* BotfolioChatExampleObjC.app */ = {isa = PBXFileReference; explicitFileType = wrapper.application; includeInIndex = 0; path = BotfolioChatExampleObjC.app; sourceTree = BUILT_PRODUCTS_DIR; };
		5972ACF61E002EAD0043897B /* main.m */ = {isa = PBXFileReference; lastKnownFileType = sourcecode.c.objc; path = main.m; sourceTree = "<group>"; };
		5972ACF81E002EAD0043897B /* AppDelegate.h */ = {isa = PBXFileReference; lastKnownFileType = sourcecode.c.h; path = AppDelegate.h; sourceTree = "<group>"; };
		5972ACF91E002EAD0043897B /* AppDelegate.m */ = {isa = PBXFileReference; lastKnownFileType = sourcecode.c.objc; path = AppDelegate.m; sourceTree = "<group>"; };
		5972ACFB1E002EAD0043897B /* ViewController.h */ = {isa = PBXFileReference; lastKnownFileType = sourcecode.c.h; path = ViewController.h; sourceTree = "<group>"; };
		5972ACFC1E002EAD0043897B /* ViewController.m */ = {isa = PBXFileReference; lastKnownFileType = sourcecode.c.objc; path = ViewController.m; sourceTree = "<group>"; };
		5972ACFF1E002EAD0043897B /* Base */ = {isa = PBXFileReference; lastKnownFileType = file.storyboard; name = Base; path = Base.lproj/Main.storyboard; sourceTree = "<group>"; };
		5972AD011E002EAD0043897B /* Assets.xcassets */ = {isa = PBXFileReference; lastKnownFileType = folder.assetcatalog; path = Assets.xcassets; sourceTree = "<group>"; };
		5972AD041E002EAD0043897B /* Base */ = {isa = PBXFileReference; lastKnownFileType = file.storyboard; name = Base; path = Base.lproj/LaunchScreen.storyboard; sourceTree = "<group>"; };
		5972AD061E002EAD0043897B /* Info.plist */ = {isa = PBXFileReference; lastKnownFileType = text.plist.xml; path = Info.plist; sourceTree = "<group>"; };
		5972AD141E003C580043897B /* botfolio@2x.png */ = {isa = PBXFileReference; lastKnownFileType = image.png; path = "botfolio@2x.png"; sourceTree = "<group>"; };
		5972AD161E003CD10043897B /* Lato-Bold.ttf */ = {isa = PBXFileReference; lastKnownFileType = file; path = "Lato-Bold.ttf"; sourceTree = "<group>"; };
		5972AD171E003CD10043897B /* Lato-Regular.ttf */ = {isa = PBXFileReference; lastKnownFileType = file; path = "Lato-Regular.ttf"; sourceTree = "<group>"; };
		5972AD181E003CD10043897B /* Lato-Semibold.ttf */ = {isa = PBXFileReference; lastKnownFileType = file; path = "Lato-Semibold.ttf"; sourceTree = "<group>"; };
		5972AD1F1E00427B0043897B /* en */ = {isa = PBXFileReference; lastKnownFileType = text.plist.strings; name = en; path = en.lproj/Localizable.strings; sourceTree = "<group>"; };
		B86E0D6213337E44D46892E6 /* Pods_BotfolioChatExampleObjC.framework */ = {isa = PBXFileReference; explicitFileType = wrapper.framework; includeInIndex = 0; path = Pods_BotfolioChatExampleObjC.framework; sourceTree = BUILT_PRODUCTS_DIR; };
		D79DEB4A2467A4731EF803B9 /* Pods-BotfolioChatExampleObjC.debug.xcconfig */ = {isa = PBXFileReference; includeInIndex = 1; lastKnownFileType = text.xcconfig; name = "Pods-BotfolioChatExampleObjC.debug.xcconfig"; path = "Pods/Target Support Files/Pods-BotfolioChatExampleObjC/Pods-BotfolioChatExampleObjC.debug.xcconfig"; sourceTree = "<group>"; };
		F0FF12B7E0238621DB35CB48 /* Pods-BotfolioChatExampleObjC.release.xcconfig */ = {isa = PBXFileReference; includeInIndex = 1; lastKnownFileType = text.xcconfig; name = "Pods-BotfolioChatExampleObjC.release.xcconfig"; path = "Pods/Target Support Files/Pods-BotfolioChatExampleObjC/Pods-BotfolioChatExampleObjC.release.xcconfig"; sourceTree = "<group>"; };
/* End PBXFileReference section */

/* Begin PBXFrameworksBuildPhase section */
		5972ACEF1E002EAC0043897B /* Frameworks */ = {
			isa = PBXFrameworksBuildPhase;
			buildActionMask = 2147483647;
			files = (
				66ECFB7AEFDBA3D922AB9798 /* Pods_BotfolioChatExampleObjC.framework in Frameworks */,
			);
			runOnlyForDeploymentPostprocessing = 0;
		};
/* End PBXFrameworksBuildPhase section */

/* Begin PBXGroup section */
		5972ACE91E002EAC0043897B = {
			isa = PBXGroup;
			children = (
				5972ACF41E002EAD0043897B /* BotfolioChatExampleObjC */,
				5972ACF31E002EAD0043897B /* Products */,
				EBB2B30642B4651BD239DC1F /* Pods */,
				C63169F630BE015D056945F0 /* Frameworks */,
			);
			sourceTree = "<group>";
		};
		5972ACF31E002EAD0043897B /* Products */ = {
			isa = PBXGroup;
			children = (
				5972ACF21E002EAD0043897B /* BotfolioChatExampleObjC.app */,
			);
			name = Products;
			sourceTree = "<group>";
		};
		5972ACF41E002EAD0043897B /* BotfolioChatExampleObjC */ = {
			isa = PBXGroup;
			children = (
				5972AD161E003CD10043897B /* Lato-Bold.ttf */,
				5972AD171E003CD10043897B /* Lato-Regular.ttf */,
				5972AD181E003CD10043897B /* Lato-Semibold.ttf */,
				5972AD141E003C580043897B /* botfolio@2x.png */,
				5972ACF81E002EAD0043897B /* AppDelegate.h */,
				5972ACF91E002EAD0043897B /* AppDelegate.m */,
				5972ACFB1E002EAD0043897B /* ViewController.h */,
				5972ACFC1E002EAD0043897B /* ViewController.m */,
				5972ACFE1E002EAD0043897B /* Main.storyboard */,
				5972AD011E002EAD0043897B /* Assets.xcassets */,
				5972AD031E002EAD0043897B /* LaunchScreen.storyboard */,
				5972AD061E002EAD0043897B /* Info.plist */,
				5972ACF51E002EAD0043897B /* Supporting Files */,
				5972AD201E00427B0043897B /* Localizable.strings */,
			);
			path = BotfolioChatExampleObjC;
			sourceTree = "<group>";
		};
		5972ACF51E002EAD0043897B /* Supporting Files */ = {
			isa = PBXGroup;
			children = (
				5972ACF61E002EAD0043897B /* main.m */,
			);
			name = "Supporting Files";
			sourceTree = "<group>";
		};
		C63169F630BE015D056945F0 /* Frameworks */ = {
			isa = PBXGroup;
			children = (
				B86E0D6213337E44D46892E6 /* Pods_BotfolioChatExampleObjC.framework */,
			);
			name = Frameworks;
			sourceTree = "<group>";
		};
		EBB2B30642B4651BD239DC1F /* Pods */ = {
			isa = PBXGroup;
			children = (
				D79DEB4A2467A4731EF803B9 /* Pods-BotfolioChatExampleObjC.debug.xcconfig */,
				F0FF12B7E0238621DB35CB48 /* Pods-BotfolioChatExampleObjC.release.xcconfig */,
			);
			name = Pods;
			sourceTree = "<group>";
		};
/* End PBXGroup section */

/* Begin PBXNativeTarget section */
		5972ACF11E002EAC0043897B /* BotfolioChatExampleObjC */ = {
			isa = PBXNativeTarget;
			buildConfigurationList = 5972AD091E002EAD0043897B /* Build configuration list for PBXNativeTarget "BotfolioChatExampleObjC" */;
			buildPhases = (
				BC82F4F25CC29A4C9D59662B /* [CP] Check Pods Manifest.lock */,
				5972ACEE1E002EAC0043897B /* Sources */,
				5972ACEF1E002EAC0043897B /* Frameworks */,
				5972ACF01E002EAC0043897B /* Resources */,
				C4273D40D347DE757DA2D734 /* [CP] Embed Pods Frameworks */,
				4B8FDBF2CC43CF328D18EE7E /* [CP] Copy Pods Resources */,
			);
			buildRules = (
			);
			dependencies = (
			);
			name = BotfolioChatExampleObjC;
			productName = BotfolioChatExampleObjC;
			productReference = 5972ACF21E002EAD0043897B /* BotfolioChatExampleObjC.app */;
			productType = "com.apple.product-type.application";
		};
/* End PBXNativeTarget section */

/* Begin PBXProject section */
		5972ACEA1E002EAC0043897B /* Project object */ = {
			isa = PBXProject;
			attributes = {
				LastUpgradeCheck = 0810;
				ORGANIZATIONNAME = "Lena Software";
				TargetAttributes = {
					5972ACF11E002EAC0043897B = {
						CreatedOnToolsVersion = 8.1;
						DevelopmentTeam = QYJ5HK8W3S;
						ProvisioningStyle = Automatic;
					};
				};
			};
			buildConfigurationList = 5972ACED1E002EAC0043897B /* Build configuration list for PBXProject "BotfolioChatExampleObjC" */;
			compatibilityVersion = "Xcode 3.2";
			developmentRegion = English;
			hasScannedForEncodings = 0;
			knownRegions = (
				en,
				Base,
			);
			mainGroup = 5972ACE91E002EAC0043897B;
			productRefGroup = 5972ACF31E002EAD0043897B /* Products */;
			projectDirPath = "";
			projectRoot = "";
			targets = (
				5972ACF11E002EAC0043897B /* BotfolioChatExampleObjC */,
			);
		};
/* End PBXProject section */

/* Begin PBXResourcesBuildPhase section */
		5972ACF01E002EAC0043897B /* Resources */ = {
			isa = PBXResourcesBuildPhase;
			buildActionMask = 2147483647;
			files = (
				5972AD1B1E003CD10043897B /* Lato-Semibold.ttf in Resources */,
				5972AD051E002EAD0043897B /* LaunchScreen.storyboard in Resources */,
				5972AD1A1E003CD10043897B /* Lato-Regular.ttf in Resources */,
				5972AD191E003CD10043897B /* Lato-Bold.ttf in Resources */,
				5972AD151E003C580043897B /* botfolio@2x.png in Resources */,
				5972AD1E1E00427B0043897B /* Localizable.strings in Resources */,
				5972AD021E002EAD0043897B /* Assets.xcassets in Resources */,
				5972AD001E002EAD0043897B /* Main.storyboard in Resources */,
			);
			runOnlyForDeploymentPostprocessing = 0;
		};
/* End PBXResourcesBuildPhase section */

/* Begin PBXShellScriptBuildPhase section */
		4B8FDBF2CC43CF328D18EE7E /* [CP] Copy Pods Resources */ = {
			isa = PBXShellScriptBuildPhase;
			buildActionMask = 2147483647;
			files = (
			);
			inputPaths = (
			);
			name = "[CP] Copy Pods Resources";
			outputPaths = (
			);
			runOnlyForDeploymentPostprocessing = 0;
			shellPath = /bin/sh;
			shellScript = "\"${SRCROOT}/Pods/Target Support Files/Pods-BotfolioChatExampleObjC/Pods-BotfolioChatExampleObjC-resources.sh\"\n";
			showEnvVarsInLog = 0;
		};
		BC82F4F25CC29A4C9D59662B /* [CP] Check Pods Manifest.lock */ = {
			isa = PBXShellScriptBuildPhase;
			buildActionMask = 2147483647;
			files = (
			);
			inputPaths = (
			);
			name = "[CP] Check Pods Manifest.lock";
			outputPaths = (
			);
			runOnlyForDeploymentPostprocessing = 0;
			shellPath = /bin/sh;
			shellScript = "diff \"${PODS_ROOT}/../Podfile.lock\" \"${PODS_ROOT}/Manifest.lock\" > /dev/null\nif [[ $? != 0 ]] ; then\n    cat << EOM\nerror: The sandbox is not in sync with the Podfile.lock. Run 'pod install' or update your CocoaPods installation.\nEOM\n    exit 1\nfi\n";
			showEnvVarsInLog = 0;
		};
		C4273D40D347DE757DA2D734 /* [CP] Embed Pods Frameworks */ = {
			isa = PBXShellScriptBuildPhase;
			buildActionMask = 2147483647;
			files = (
			);
			inputPaths = (
			);
			name = "[CP] Embed Pods Frameworks";
			outputPaths = (
			);
			runOnlyForDeploymentPostprocessing = 0;
			shellPath = /bin/sh;
			shellScript = "\"${SRCROOT}/Pods/Target Support Files/Pods-BotfolioChatExampleObjC/Pods-BotfolioChatExampleObjC-frameworks.sh\"\n";
			showEnvVarsInLog = 0;
		};
/* End PBXShellScriptBuildPhase section */

/* Begin PBXSourcesBuildPhase section */
		5972ACEE1E002EAC0043897B /* Sources */ = {
			isa = PBXSourcesBuildPhase;
			buildActionMask = 2147483647;
			files = (
				5972ACFD1E002EAD0043897B /* ViewController.m in Sources */,
				5972ACFA1E002EAD0043897B /* AppDelegate.m in Sources */,
				5972ACF71E002EAD0043897B /* main.m in Sources */,
			);
			runOnlyForDeploymentPostprocessing = 0;
		};
/* End PBXSourcesBuildPhase section */

/* Begin PBXVariantGroup section */
		5972ACFE1E002EAD0043897B /* Main.storyboard */ = {
			isa = PBXVariantGroup;
			children = (
				5972ACFF1E002EAD0043897B /* Base */,
			);
			name = Main.storyboard;
			sourceTree = "<group>";
		};
		5972AD031E002EAD0043897B /* LaunchScreen.storyboard */ = {
			isa = PBXVariantGroup;
			children = (
				5972AD041E002EAD0043897B /* Base */,
			);
			name = LaunchScreen.storyboard;
			sourceTree = "<group>";
		};
		5972AD201E00427B0043897B /* Localizable.strings */ = {
			isa = PBXVariantGroup;
			children = (
				5972AD1F1E00427B0043897B /* en */,
			);
			name = Localizable.strings;
			sourceTree = "<group>";
		};
/* End PBXVariantGroup section */

/* Begin XCBuildConfiguration section */
		5972AD071E002EAD0043897B /* Debug */ = {
			isa = XCBuildConfiguration;
			buildSettings = {
				ALWAYS_SEARCH_USER_PATHS = NO;
				CLANG_ANALYZER_NONNULL = YES;
				CLANG_CXX_LANGUAGE_STANDARD = "gnu++0x";
				CLANG_CXX_LIBRARY = "libc++";
				CLANG_ENABLE_MODULES = YES;
				CLANG_ENABLE_OBJC_ARC = YES;
				CLANG_WARN_BOOL_CONVERSION = YES;
				CLANG_WARN_CONSTANT_CONVERSION = YES;
				CLANG_WARN_DIRECT_OBJC_ISA_USAGE = YES_ERROR;
				CLANG_WARN_DOCUMENTATION_COMMENTS = YES;
				CLANG_WARN_EMPTY_BODY = YES;
				CLANG_WARN_ENUM_CONVERSION = YES;
				CLANG_WARN_INFINITE_RECURSION = YES;
				CLANG_WARN_INT_CONVERSION = YES;
				CLANG_WARN_OBJC_ROOT_CLASS = YES_ERROR;
				CLANG_WARN_SUSPICIOUS_MOVES = YES;
				CLANG_WARN_UNREACHABLE_CODE = YES;
				CLANG_WARN__DUPLICATE_METHOD_MATCH = YES;
				"CODE_SIGN_IDENTITY[sdk=iphoneos*]" = "iPhone Developer";
				COPY_PHASE_STRIP = NO;
				DEBUG_INFORMATION_FORMAT = dwarf;
				ENABLE_STRICT_OBJC_MSGSEND = YES;
				ENABLE_TESTABILITY = YES;
				GCC_C_LANGUAGE_STANDARD = gnu99;
				GCC_DYNAMIC_NO_PIC = NO;
				GCC_NO_COMMON_BLOCKS = YES;
				GCC_OPTIMIZATION_LEVEL = 0;
				GCC_PREPROCESSOR_DEFINITIONS = (
					"DEBUG=1",
					"$(inherited)",
				);
				GCC_WARN_64_TO_32_BIT_CONVERSION = YES;
				GCC_WARN_ABOUT_RETURN_TYPE = YES_ERROR;
				GCC_WARN_UNDECLARED_SELECTOR = YES;
				GCC_WARN_UNINITIALIZED_AUTOS = YES_AGGRESSIVE;
				GCC_WARN_UNUSED_FUNCTION = YES;
				GCC_WARN_UNUSED_VARIABLE = YES;
				IPHONEOS_DEPLOYMENT_TARGET = 10.1;
				MTL_ENABLE_DEBUG_INFO = YES;
				ONLY_ACTIVE_ARCH = YES;
				SDKROOT = iphoneos;
			};
			name = Debug;
		};
		5972AD081E002EAD0043897B /* Release */ = {
			isa = XCBuildConfiguration;
			buildSettings = {
				ALWAYS_SEARCH_USER_PATHS = NO;
				CLANG_ANALYZER_NONNULL = YES;
				CLANG_CXX_LANGUAGE_STANDARD = "gnu++0x";
				CLANG_CXX_LIBRARY = "libc++";
				CLANG_ENABLE_MODULES = YES;
				CLANG_ENABLE_OBJC_ARC = YES;
				CLANG_WARN_BOOL_CONVERSION = YES;
				CLANG_WARN_CONSTANT_CONVERSION = YES;
				CLANG_WARN_DIRECT_OBJC_ISA_USAGE = YES_ERROR;
				CLANG_WARN_DOCUMENTATION_COMMENTS = YES;
				CLANG_WARN_EMPTY_BODY = YES;
				CLANG_WARN_ENUM_CONVERSION = YES;
				CLANG_WARN_INFINITE_RECURSION = YES;
				CLANG_WARN_INT_CONVERSION = YES;
				CLANG_WARN_OBJC_ROOT_CLASS = YES_ERROR;
				CLANG_WARN_SUSPICIOUS_MOVES = YES;
				CLANG_WARN_UNREACHABLE_CODE = YES;
				CLANG_WARN__DUPLICATE_METHOD_MATCH = YES;
				"CODE_SIGN_IDENTITY[sdk=iphoneos*]" = "iPhone Developer";
				COPY_PHASE_STRIP = NO;
				DEBUG_INFORMATION_FORMAT = "dwarf-with-dsym";
				ENABLE_NS_ASSERTIONS = NO;
				ENABLE_STRICT_OBJC_MSGSEND = YES;
				GCC_C_LANGUAGE_STANDARD = gnu99;
				GCC_NO_COMMON_BLOCKS = YES;
				GCC_WARN_64_TO_32_BIT_CONVERSION = YES;
				GCC_WARN_ABOUT_RETURN_TYPE = YES_ERROR;
				GCC_WARN_UNDECLARED_SELECTOR = YES;
				GCC_WARN_UNINITIALIZED_AUTOS = YES_AGGRESSIVE;
				GCC_WARN_UNUSED_FUNCTION = YES;
				GCC_WARN_UNUSED_VARIABLE = YES;
				IPHONEOS_DEPLOYMENT_TARGET = 10.1;
				MTL_ENABLE_DEBUG_INFO = NO;
				SDKROOT = iphoneos;
				VALIDATE_PRODUCT = YES;
			};
			name = Release;
		};
		5972AD0A1E002EAD0043897B /* Debug */ = {
			isa = XCBuildConfiguration;
			baseConfigurationReference = D79DEB4A2467A4731EF803B9 /* Pods-BotfolioChatExampleObjC.debug.xcconfig */;
			buildSettings = {
				ASSETCATALOG_COMPILER_APPICON_NAME = AppIcon;
				DEVELOPMENT_TEAM = QYJ5HK8W3S;
				INFOPLIST_FILE = BotfolioChatExampleObjC/Info.plist;
				IPHONEOS_DEPLOYMENT_TARGET = 9.0;
				LD_RUNPATH_SEARCH_PATHS = "$(inherited) @executable_path/Frameworks";
				PRODUCT_BUNDLE_IDENTIFIER = com.lena.BotfolioChatExampleObjC;
				PRODUCT_NAME = "$(TARGET_NAME)";
			};
			name = Debug;
		};
		5972AD0B1E002EAD0043897B /* Release */ = {
			isa = XCBuildConfiguration;
			baseConfigurationReference = F0FF12B7E0238621DB35CB48 /* Pods-BotfolioChatExampleObjC.release.xcconfig */;
			buildSettings = {
				ASSETCATALOG_COMPILER_APPICON_NAME = AppIcon;
				DEVELOPMENT_TEAM = QYJ5HK8W3S;
				INFOPLIST_FILE = BotfolioChatExampleObjC/Info.plist;
				IPHONEOS_DEPLOYMENT_TARGET = 9.0;
				LD_RUNPATH_SEARCH_PATHS = "$(inherited) @executable_path/Frameworks";
				PRODUCT_BUNDLE_IDENTIFIER = com.lena.BotfolioChatExampleObjC;
				PRODUCT_NAME = "$(TARGET_NAME)";
			};
			name = Release;
		};
/* End XCBuildConfiguration section */

/* Begin XCConfigurationList section */
		5972ACED1E002EAC0043897B /* Build configuration list for PBXProject "BotfolioChatExampleObjC" */ = {
			isa = XCConfigurationList;
			buildConfigurations = (
				5972AD071E002EAD0043897B /* Debug */,
				5972AD081E002EAD0043897B /* Release */,
			);
			defaultConfigurationIsVisible = 0;
			defaultConfigurationName = Release;
		};
		5972AD091E002EAD0043897B /* Build configuration list for PBXNativeTarget "BotfolioChatExampleObjC" */ = {
			isa = XCConfigurationList;
			buildConfigurations = (
				5972AD0A1E002EAD0043897B /* Debug */,
				5972AD0B1E002EAD0043897B /* Release */,
			);
			defaultConfigurationIsVisible = 0;
			defaultConfigurationName = Release;
		};
/* End XCConfigurationList section */
	};
	rootObject = 5972ACEA1E002EAC0043897B /* Project object */;
}
